PODS:
  - BrightFutures (3.0.0-beta.4):
    - Result (= 0.6-beta.1)
  - Result (0.6-beta.1)
  - RxSwift (2.0.0-alpha.3)

DEPENDENCIES:
  - BrightFutures (~> 3.0.0-beta)
  - RxSwift (~> 2.0.0-alpha)

SPEC CHECKSUMS:
  BrightFutures: 80426a07a47f286c3c83ea18c9a6bd4bbd4f3a27
  Result: af24e3e57ab81005ec4221a53fd36dc1e7a52869
  RxSwift: c66f7956b2e5fb397a62bf4a3ec6072749a816a7

COCOAPODS: 0.38.2
